
Microsoft Visual Studio Solution File, Format Version 12.00
# Visual Studio Version 17
VisualStudioVersion = 17.9.34607.119
MinimumVisualStudioVersion = 10.0.40219.1
Project("{FAE04EC0-301F-11D3-BF4B-00C04F79EFBC}") = "Proyecto Final", "Proyecto Final\Proyecto Final.csproj", "{3FFDCB26-B804-4469-8499-B48019CB80ED}"
EndProject
Global
	GlobalSection(SolutionConfigurationPlatforms) = preSolution
		Debug|Any CPU = Debug|Any CPU
		Release|Any CPU = Release|Any CPU
	EndGlobalSection
	GlobalSection(ProjectConfigurationPlatforms) = postSolution
		{3FFDCB26-B804-4469-8499-B48019CB80ED}.Debug|Any CPU.ActiveCfg = Debug|Any CPU
		{3FFDCB26-B804-4469-8499-B48019CB80ED}.Debug|Any CPU.Build.0 = Debug|Any CPU
		{3FFDCB26-B804-4469-8499-B48019CB80ED}.Release|Any CPU.ActiveCfg = Release|Any CPU
		{3FFDCB26-B804-4469-8499-B48019CB80ED}.Release|Any CPU.Build.0 = Release|Any CPU
	EndGlobalSection
	GlobalSection(SolutionProperties) = preSolution
		HideSolutionNode = FALSE
	EndGlobalSection
	GlobalSection(ExtensibilityGlobals) = postSolution
		SolutionGuid = {E6D2384A-E7B9-4F9E-9DAD-7CD06A39C057}
	EndGlobalSection
EndGlobal
